
Microsoft Visual Studio Solution File, Format Version 12.00
# Visual Studio Version 17
VisualStudioVersion = 17.5.002.0
MinimumVisualStudioVersion = 10.0.40219.1
Project("{9A19103F-16F7-4668-BE54-9A1E7A4F7556}") = "SelenyumProjesi", "SelenyumProjesi.csproj", "{A60E3E8B-57A9-4900-8EF9-975951C76B51}"
EndProject
Global
	GlobalSection(SolutionConfigurationPlatforms) = preSolution
		Debug|Any CPU = Debug|Any CPU
		Release|Any CPU = Release|Any CPU
	EndGlobalSection
	GlobalSection(ProjectConfigurationPlatforms) = postSolution
		{A60E3E8B-57A9-4900-8EF9-975951C76B51}.Debug|Any CPU.ActiveCfg = Debug|Any CPU
		{A60E3E8B-57A9-4900-8EF9-975951C76B51}.Debug|Any CPU.Build.0 = Debug|Any CPU
		{A60E3E8B-57A9-4900-8EF9-975951C76B51}.Release|Any CPU.ActiveCfg = Release|Any CPU
		{A60E3E8B-57A9-4900-8EF9-975951C76B51}.Release|Any CPU.Build.0 = Release|Any CPU
	EndGlobalSection
	GlobalSection(SolutionProperties) = preSolution
		HideSolutionNode = FALSE
	EndGlobalSection
	GlobalSection(ExtensibilityGlobals) = postSolution
		SolutionGuid = {33FB5547-3F60-46CA-9F39-69F70D6B93EC}
	EndGlobalSection
EndGlobal
